# This file was autogenerated by Stack.
# You should not edit this file by hand.
# For more information, please see the documentation at:
#   https://docs.haskellstack.org/en/stable/lock_files

packages:
- completed:
    hackage: servant-multipart-0.11.2@sha256:d03823e6845c58b42bbbf85fa6b2dd50ef7cd6e31d8ec8949e643fb526602d76,2088
    pantry-tree:
      size: 333
      sha256: e72e02e40b75c861c36829445bfc54d03b099a1b458e708e2a5c0d07a2e765d4
  original:
    hackage: servant-multipart-0.11.2
snapshots:
- completed:
    size: 501504
    url: https://raw.githubusercontent.com/commercialhaskell/stackage-snapshots/master/lts/12/4.yaml
    sha256: 58c30f58d877b569461a241956dd27c9e5d69ee95c8889171baba8bbaaa5b093
  original: lts-12.4
